github.com/asg017/sqlite-vec-go-bindings v0.1.6 h1:Nx0jAzyS38XpkKznJ9xQjFXz2X9tI7KqjwVxV8RNoww=
github.com/asg017/sqlite-vec-go-bindings v0.1.6/go.mod h1:A8+cTt/nKFsYCQF6OgzSNpKZrzNo5gQsXBTfsXHXY0Q=
github.com/mattn/go-sqlite3 v1.14.24 h1:tpSp2G2KyMnnQu99ngJ47EIkWVmliIizyZBfPrBWDRM=
github.com/mattn/go-sqlite3 v1.14.24/go.mod h1:Uh1q+B4BYcTPb+yiD3kU8Ct7aC0hY9fxUwlHK0RXw+Y=
github.com/philippgille/chromem-go v0.7.0 h1:4jfvfyKymjKNfGxBUhHUcj1kp7B17NL/I1P+vGh1RvY=
github.com/philippgille/chromem-go v0.7.0/go.mod h1:hTd+wGEm/fFPQl7ilfCwQXkgEUxceYh86iIdoKMolPo=
github.com/rsc/pdf v0.1.1 h1:fFqoIM/Awu7+2+DhKhXh8HDRcNI99oufMBtfe66/KJ8=
github.com/rsc/pdf v0.1.1/go.mod h1:+1cgsOaCtY/6pdg9OEno8rLCRIQj5LeL9ckNDtNZsFs=
github.com/sashabaranov/go-openai v1.37.0 h1:hQQowgYm4OXJ1Z/wTrE+XZaO20BYsL0R3uRPSpfNZkY=
github.com/sashabaranov/go-openai v1.37.0/go.mod h1:lj5b/K+zjTSFxVLijLSTDZuP7adOgerWeFyZLUhAKRg=
